
Microsoft Visual Studio Solution File, Format Version 12.00
# Visual Studio Version 16
VisualStudioVersion = 16.0.31321.278
MinimumVisualStudioVersion = 10.0.40219.1
Project("{FAE04EC0-301F-11D3-BF4B-00C04F79EFBC}") = "WebApplication2", "WebApplication2\WebApplication2.csproj", "{B85CDF93-F5FB-4A6A-8C66-BC960CF35CEC}"
EndProject
Global
	GlobalSection(SolutionConfigurationPlatforms) = preSolution
		Debug|Any CPU = Debug|Any CPU
		Release|Any CPU = Release|Any CPU
	EndGlobalSection
	GlobalSection(ProjectConfigurationPlatforms) = postSolution
		{B85CDF93-F5FB-4A6A-8C66-BC960CF35CEC}.Debug|Any CPU.ActiveCfg = Debug|Any CPU
		{B85CDF93-F5FB-4A6A-8C66-BC960CF35CEC}.Debug|Any CPU.Build.0 = Debug|Any CPU
		{B85CDF93-F5FB-4A6A-8C66-BC960CF35CEC}.Release|Any CPU.ActiveCfg = Release|Any CPU
		{B85CDF93-F5FB-4A6A-8C66-BC960CF35CEC}.Release|Any CPU.Build.0 = Release|Any CPU
	EndGlobalSection
	GlobalSection(SolutionProperties) = preSolution
		HideSolutionNode = FALSE
	EndGlobalSection
	GlobalSection(ExtensibilityGlobals) = postSolution
		SolutionGuid = {88EF2CF7-936B-48B1-9B28-AF4EDED628DB}
	EndGlobalSection
EndGlobal
